
Microsoft Visual Studio Solution File, Format Version 12.00
# Visual Studio Version 16
VisualStudioVersion = 16.0.30717.126
MinimumVisualStudioVersion = 10.0.40219.1
Project("{9A19103F-16F7-4668-BE54-9A1E7A4F7556}") = "OpenGLProject", "OpenGLProject\OpenGLProject.csproj", "{42B90434-3D7A-4A78-8007-78043B1D03E1}"
EndProject
Project("{FAE04EC0-301F-11D3-BF4B-00C04F79EFBC}") = "OpenGLProject2", "OpenGLProject2\OpenGLProject2.csproj", "{A658D18E-CEC7-41DA-99CE-8AC20130E5CA}"
EndProject
Project("{FAE04EC0-301F-11D3-BF4B-00C04F79EFBC}") = "OpenGLProject3", "OpenGLProject3\OpenGLProject3.csproj", "{BF733115-E11E-4EF9-A582-E79EEE7D53DA}"
EndProject
Global
	GlobalSection(SolutionConfigurationPlatforms) = preSolution
		Debug|Any CPU = Debug|Any CPU
		Debug|x86 = Debug|x86
		Release|Any CPU = Release|Any CPU
		Release|x86 = Release|x86
	EndGlobalSection
	GlobalSection(ProjectConfigurationPlatforms) = postSolution
		{42B90434-3D7A-4A78-8007-78043B1D03E1}.Debug|Any CPU.ActiveCfg = Debug|Any CPU
		{42B90434-3D7A-4A78-8007-78043B1D03E1}.Debug|Any CPU.Build.0 = Debug|Any CPU
		{42B90434-3D7A-4A78-8007-78043B1D03E1}.Debug|x86.ActiveCfg = Debug|Any CPU
		{42B90434-3D7A-4A78-8007-78043B1D03E1}.Debug|x86.Build.0 = Debug|Any CPU
		{42B90434-3D7A-4A78-8007-78043B1D03E1}.Release|Any CPU.ActiveCfg = Release|Any CPU
		{42B90434-3D7A-4A78-8007-78043B1D03E1}.Release|Any CPU.Build.0 = Release|Any CPU
		{42B90434-3D7A-4A78-8007-78043B1D03E1}.Release|x86.ActiveCfg = Release|Any CPU
		{42B90434-3D7A-4A78-8007-78043B1D03E1}.Release|x86.Build.0 = Release|Any CPU
		{A658D18E-CEC7-41DA-99CE-8AC20130E5CA}.Debug|Any CPU.ActiveCfg = Debug|x86
		{A658D18E-CEC7-41DA-99CE-8AC20130E5CA}.Debug|x86.ActiveCfg = Debug|x86
		{A658D18E-CEC7-41DA-99CE-8AC20130E5CA}.Debug|x86.Build.0 = Debug|x86
		{A658D18E-CEC7-41DA-99CE-8AC20130E5CA}.Release|Any CPU.ActiveCfg = Release|x86
		{A658D18E-CEC7-41DA-99CE-8AC20130E5CA}.Release|x86.ActiveCfg = Release|x86
		{A658D18E-CEC7-41DA-99CE-8AC20130E5CA}.Release|x86.Build.0 = Release|x86
		{BF733115-E11E-4EF9-A582-E79EEE7D53DA}.Debug|Any CPU.ActiveCfg = Debug|x86
		{BF733115-E11E-4EF9-A582-E79EEE7D53DA}.Debug|x86.ActiveCfg = Debug|x86
		{BF733115-E11E-4EF9-A582-E79EEE7D53DA}.Debug|x86.Build.0 = Debug|x86
		{BF733115-E11E-4EF9-A582-E79EEE7D53DA}.Release|Any CPU.ActiveCfg = Release|x86
		{BF733115-E11E-4EF9-A582-E79EEE7D53DA}.Release|x86.ActiveCfg = Release|x86
		{BF733115-E11E-4EF9-A582-E79EEE7D53DA}.Release|x86.Build.0 = Release|x86
	EndGlobalSection
	GlobalSection(SolutionProperties) = preSolution
		HideSolutionNode = FALSE
	EndGlobalSection
	GlobalSection(ExtensibilityGlobals) = postSolution
		SolutionGuid = {DAB015E6-C7F1-42D2-B19D-C9FEAC9258D4}
	EndGlobalSection
EndGlobal
