
Microsoft Visual Studio Solution File, Format Version 12.00
# Visual Studio Version 16
VisualStudioVersion = 16.0.30717.126
MinimumVisualStudioVersion = 10.0.40219.1
Project("{FAE04EC0-301F-11D3-BF4B-00C04F79EFBC}") = "OpenQLProject", "OpenQLProject\OpenQLProject.csproj", "{8898EB21-6FDF-441E-B0F9-0E4A5AC29A99}"
EndProject
Global
	GlobalSection(SolutionConfigurationPlatforms) = preSolution
		Debug|Any CPU = Debug|Any CPU
		Release|Any CPU = Release|Any CPU
	EndGlobalSection
	GlobalSection(ProjectConfigurationPlatforms) = postSolution
		{8898EB21-6FDF-441E-B0F9-0E4A5AC29A99}.Debug|Any CPU.ActiveCfg = Debug|Any CPU
		{8898EB21-6FDF-441E-B0F9-0E4A5AC29A99}.Debug|Any CPU.Build.0 = Debug|Any CPU
		{8898EB21-6FDF-441E-B0F9-0E4A5AC29A99}.Release|Any CPU.ActiveCfg = Release|Any CPU
		{8898EB21-6FDF-441E-B0F9-0E4A5AC29A99}.Release|Any CPU.Build.0 = Release|Any CPU
	EndGlobalSection
	GlobalSection(SolutionProperties) = preSolution
		HideSolutionNode = FALSE
	EndGlobalSection
	GlobalSection(ExtensibilityGlobals) = postSolution
		SolutionGuid = {DAB015E6-C7F1-42D2-B19D-C9FEAC9258D4}
	EndGlobalSection
EndGlobal
